# This file is automatically @generated by Wally.
# It is not intended for manual editing.
registry = "test"

[[package]]
name = "marcus/test"
version = "0.1.0"
dependencies = [["Spline", "ukendio/spline@0.1.1"]]

[[package]]
name = "ukendio/fast-fourier-transform"
version = "0.1.1"
dependencies = [["Primes", "ukendio/primes@0.1.0"], ["Scalars", "ukendio/scalars@0.1.0"], ["Tools", "ukendio/tools@0.1.0"]]

[[package]]
name = "ukendio/interpolation"
version = "0.1.0"
dependencies = [["FastFourierTransform", "ukendio/fast-fourier-transform@0.1.1"], ["Matrices", "ukendio/matrices@0.1.2"], ["Primes", "ukendio/primes@0.1.0"], ["Scalars", "ukendio/scalars@0.1.0"], ["Tools", "ukendio/tools@0.1.0"]]

[[package]]
name = "ukendio/matrices"
version = "0.1.2"
dependencies = [["Scalars", "ukendio/scalars@0.1.0"], ["Tools", "ukendio/tools@0.1.0"]]

[[package]]
name = "ukendio/primelist"
version = "0.1.2"
dependencies = []

[[package]]
name = "ukendio/primes"
version = "0.1.0"
dependencies = [["PrimeList", "ukendio/primelist@0.1.2"]]

[[package]]
name = "ukendio/scalars"
version = "0.1.0"
dependencies = [["Tools", "ukendio/tools@0.1.0"]]

[[package]]
name = "ukendio/spline"
version = "0.1.1"
dependencies = [["FastFourierTransform", "ukendio/fast-fourier-transform@0.1.1"], ["Interpolation", "ukendio/interpolation@0.1.0"], ["Matrices", "ukendio/matrices@0.1.2"], ["PrimeList", "ukendio/primelist@0.1.2"], ["Primes", "ukendio/primes@0.1.0"], ["Scalars", "ukendio/scalars@0.1.0"], ["Tools", "ukendio/tools@0.1.0"]]

[[package]]
name = "ukendio/tools"
version = "0.1.0"
dependencies = []
